# This file is generated by running "yarn install" inside your project.
# Manual changes might be lost - proceed with caution!

__metadata:
  version: 6
  cacheKey: 8

"cac@npm:^6.7.12":
  version: 6.7.12
  resolution: "cac@npm:6.7.12"
  checksum: c0d4129eb30fc43449e9078ac37bb3b837aab6261236a6642a6fb9d839bb6a41e191e1f2776f87569535db07dcbf4937680419126215b4c17c9dba4351d1bd5e
  languageName: node
  linkType: hard

"snapit-pkg@workspace:.":
  version: 0.0.0-use.local
  resolution: "snapit-pkg@workspace:."
  dependencies:
    cac: ^6.7.12
  languageName: unknown
  linkType: soft
